{
  "name": "non-astra-backends",
  "version": "1.0.0",
  "lockfileVersion": 3,
  "requires": true,
  "packages": {
    "": {
      "name": "non-astra-backends",
      "version": "1.0.0",
      "license": "ISC",
      "dependencies": {
        "@datastax/astra-db-ts": "file:../astra-db-ts.tgz"
      },
      "devDependencies": {
        "typescript": "^5.5.2"
      }
    },
    "../..": {
      "name": "@datastax/astra-db-ts",
      "version": "2.0.0-preview.3",
      "extraneous": true,
      "license": "Apache-2.0",
      "dependencies": {
        "bignumber.js": "^9.1.2",
        "fetch-h2": "^3.0.2",
        "json-bigint": "^1.0.0",
        "safe-stable-stringify": "^2.4.3",
        "typed-emitter": "^2.1.0",
        "uuid": "^11.0.3"
      },
      "devDependencies": {
        "@eslint/eslintrc": "^3.1.0",
        "@eslint/js": "^9.10.0",
        "@microsoft/api-extractor": "^7.48.0",
        "@types/json-bigint": "^1.0.4",
        "@types/mocha": "^9.1.1",
        "@types/node": "^17.0.36",
        "@types/object-hash": "^3.0.6",
        "dotenv": "^16.0.1",
        "eslint": "^9.10.0",
        "globals": "^15.9.0",
        "nyc": "^15.1.0",
        "strip-comments": "^2.0.1",
        "synchronized-promise": "^0.3.1",
        "ts-mocha": "^10.0.0",
        "tsc-alias": "^1.8.8",
        "typescript": "^5.6.2",
        "typescript-eslint": "^8.18.0"
      },
      "engines": {
        "node": ">=18.0.0"
      }
    },
    "node_modules/@datastax/astra-db-ts": {
      "version": "2.0.0-preview.3",
      "resolved": "file:../astra-db-ts.tgz",
      "integrity": "sha512-BYZ7g2A1gI9OwaDTP5mv0l5tysCOz2YUrUgwyYFc7zmrummu9FcjQBvDjTzBT9pNakVwZe2ZI8uKUTrvHvv5WQ==",
      "license": "Apache-2.0",
      "dependencies": {
        "bignumber.js": "^9.1.2",
        "decoders": "^2.5.0",
        "json-bigint": "^1.0.0",
        "safe-stable-stringify": "^2.4.3",
        "tslib": "^2.8.1",
        "uuid": "^11.0.3"
      },
      "engines": {
        "node": ">=18.0.0"
      }
    },
    "node_modules/bignumber.js": {
      "version": "9.1.2",
      "resolved": "https://registry.npmjs.org/bignumber.js/-/bignumber.js-9.1.2.tgz",
      "integrity": "sha512-2/mKyZH9K85bzOEfhXDBFZTGd1CTs+5IHpeFQo9luiBG7hghdC851Pj2WAhb6E3R6b9tZj/XKhbg4fum+Kepug==",
      "license": "MIT",
      "engines": {
        "node": "*"
      }
    },
    "node_modules/decoders": {
      "version": "2.6.0",
      "resolved": "https://registry.npmjs.org/decoders/-/decoders-2.6.0.tgz",
      "integrity": "sha512-7AVNiLpvI4erWuTeZ7zNOqSZq4wt12j/Tekz0w6l0AJCDnLSpy3DVqqh+sYbTyJYOtgqMNt1ceFf0IsjlRcp6w==",
      "license": "MIT"
    },
    "node_modules/json-bigint": {
      "version": "1.0.0",
      "resolved": "https://registry.npmjs.org/json-bigint/-/json-bigint-1.0.0.tgz",
      "integrity": "sha512-SiPv/8VpZuWbvLSMtTDU8hEfrZWg/mH/nV/b4o0CYbSxu1UIQPLdwKOCIyLQX+VIPO5vrLX3i8qtqFyhdPSUSQ==",
      "license": "MIT",
      "dependencies": {
        "bignumber.js": "^9.0.0"
      }
    },
    "node_modules/safe-stable-stringify": {
      "version": "2.5.0",
      "resolved": "https://registry.npmjs.org/safe-stable-stringify/-/safe-stable-stringify-2.5.0.tgz",
      "integrity": "sha512-b3rppTKm9T+PsVCBEOUR46GWI7fdOs00VKZ1+9c1EWDaDMvjQc6tUwuFyIprgGgTcWoVHSKrU8H31ZHA2e0RHA==",
      "license": "MIT",
      "engines": {
        "node": ">=10"
      }
    },
    "node_modules/tslib": {
      "version": "2.8.1",
      "resolved": "https://registry.npmjs.org/tslib/-/tslib-2.8.1.tgz",
      "integrity": "sha512-oJFu94HQb+KVduSUQL7wnpmqnfmLsOA/nAh6b6EH0wCEoK0/mPeXU6c3wKDV83MkOuHPRHtSXKKU99IBazS/2w==",
      "license": "0BSD"
    },
    "node_modules/typescript": {
      "version": "5.5.2",
      "resolved": "https://registry.npmjs.org/typescript/-/typescript-5.5.2.tgz",
      "integrity": "sha512-NcRtPEOsPFFWjobJEtfihkLCZCXZt/os3zf8nTxjVH3RvTSxjrCamJpbExGvYOF+tFHc3pA65qpdwPbzjohhew==",
      "dev": true,
      "bin": {
        "tsc": "bin/tsc",
        "tsserver": "bin/tsserver"
      },
      "engines": {
        "node": ">=14.17"
      }
    },
    "node_modules/uuid": {
      "version": "11.0.5",
      "resolved": "https://registry.npmjs.org/uuid/-/uuid-11.0.5.tgz",
      "integrity": "sha512-508e6IcKLrhxKdBbcA2b4KQZlLVp2+J5UwQ6F7Drckkc5N9ZJwFa4TgWtsww9UG8fGHbm6gbV19TdM5pQ4GaIA==",
      "funding": [
        "https://github.com/sponsors/broofa",
        "https://github.com/sponsors/ctavan"
      ],
      "license": "MIT",
      "bin": {
        "uuid": "dist/esm/bin/uuid"
      }
    }
  }
}
